
Microsoft Visual Studio Solution File, Format Version 12.00
# Visual Studio 15
VisualStudioVersion = 15.0.28010.2026
MinimumVisualStudioVersion = 10.0.40219.1
Project("{FAE04EC0-301F-11D3-BF4B-00C04F79EFBC}") = "OhmLawCalc", "OhmLawCalc\OhmLawCalc.csproj", "{008114E8-D995-49BF-9098-A18B75710D29}"
EndProject
Global
	GlobalSection(SolutionConfigurationPlatforms) = preSolution
		Debug|Any CPU = Debug|Any CPU
		Release|Any CPU = Release|Any CPU
	EndGlobalSection
	GlobalSection(ProjectConfigurationPlatforms) = postSolution
		{008114E8-D995-49BF-9098-A18B75710D29}.Debug|Any CPU.ActiveCfg = Debug|Any CPU
		{008114E8-D995-49BF-9098-A18B75710D29}.Debug|Any CPU.Build.0 = Debug|Any CPU
		{008114E8-D995-49BF-9098-A18B75710D29}.Release|Any CPU.ActiveCfg = Release|Any CPU
		{008114E8-D995-49BF-9098-A18B75710D29}.Release|Any CPU.Build.0 = Release|Any CPU
	EndGlobalSection
	GlobalSection(SolutionProperties) = preSolution
		HideSolutionNode = FALSE
	EndGlobalSection
	GlobalSection(ExtensibilityGlobals) = postSolution
		SolutionGuid = {CF3EFF3A-31DB-4EC3-AC07-74E600550681}
	EndGlobalSection
EndGlobal
